// !$*UTF8*$!
{
	archiveVersion = 1;
	classes = {
	};
	objectVersion = 55;
	objects = {

/* Begin PBXBuildFile section */
		E282F75E28B3A00B00E39963 /* AppDelegate.swift in Sources */ = {isa = PBXBuildFile; fileRef = E282F75D28B3A00B00E39963 /* AppDelegate.swift */; };
		E282F76028B3A00B00E39963 /* SceneDelegate.swift in Sources */ = {isa = PBXBuildFile; fileRef = E282F75F28B3A00B00E39963 /* SceneDelegate.swift */; };
		E282F76728B3A00C00E39963 /* Assets.xcassets in Resources */ = {isa = PBXBuildFile; fileRef = E282F76628B3A00C00E39963 /* Assets.xcassets */; };
		E282F76A28B3A00C00E39963 /* LaunchScreen.storyboard in Resources */ = {isa = PBXBuildFile; fileRef = E282F76828B3A00C00E39963 /* LaunchScreen.storyboard */; };
		E282F77E28B3A6C200E39963 /* DPUIKit in Frameworks */ = {isa = PBXBuildFile; productRef = E282F77D28B3A6C200E39963 /* DPUIKit */; };
		E282F78028B3A6D700E39963 /* AppCoordinator.swift in Sources */ = {isa = PBXBuildFile; fileRef = E282F77F28B3A6D700E39963 /* AppCoordinator.swift */; };
		E282F78428B3A74500E39963 /* InitialViewModel.swift in Sources */ = {isa = PBXBuildFile; fileRef = E282F78228B3A74500E39963 /* InitialViewModel.swift */; };
		E282F78528B3A74500E39963 /* InitialViewController.swift in Sources */ = {isa = PBXBuildFile; fileRef = E282F78328B3A74500E39963 /* InitialViewController.swift */; };
		E282F78C28B3A9F700E39963 /* Localized.strings in Resources */ = {isa = PBXBuildFile; fileRef = E282F78E28B3A9F700E39963 /* Localized.strings */; };
		E282F79228B3AA1900E39963 /* Localized.stringsdict in Resources */ = {isa = PBXBuildFile; fileRef = E282F79428B3AA1900E39963 /* Localized.stringsdict */; };
		E282F7A028B3ACF700E39963 /* Swiftgen in Resources */ = {isa = PBXBuildFile; fileRef = E282F79F28B3ACF700E39963 /* Swiftgen */; };
		E282F7A228B3AD4B00E39963 /* ACLocalizedString+Generated.swift in Sources */ = {isa = PBXBuildFile; fileRef = E282F7A128B3AD4B00E39963 /* ACLocalizedString+Generated.swift */; };
		E282F7A528B3AD8000E39963 /* ACLocalized in Frameworks */ = {isa = PBXBuildFile; productRef = E282F7A428B3AD8000E39963 /* ACLocalized */; };
		E282F7A728B3AF0900E39963 /* Assets+Generated.swift in Sources */ = {isa = PBXBuildFile; fileRef = E282F7A628B3AF0900E39963 /* Assets+Generated.swift */; };
		E282F7A928B3AF6000E39963 /* AppViewController.swift in Sources */ = {isa = PBXBuildFile; fileRef = E282F7A828B3AF6000E39963 /* AppViewController.swift */; };
		E282F7AB28B3AF8100E39963 /* AppViewModel.swift in Sources */ = {isa = PBXBuildFile; fileRef = E282F7AA28B3AF8100E39963 /* AppViewModel.swift */; };
		E282F7B528B3C59A00E39963 /* AppBuildConfiguration.swift in Sources */ = {isa = PBXBuildFile; fileRef = E282F7B428B3C59A00E39963 /* AppBuildConfiguration.swift */; };
		E282F7B728B3C5AC00E39963 /* AppEnvironment.swift in Sources */ = {isa = PBXBuildFile; fileRef = E282F7B628B3C5AC00E39963 /* AppEnvironment.swift */; };
		E282F7BC28B3CA9A00E39963 /* .gitignore in Resources */ = {isa = PBXBuildFile; fileRef = E282F7B928B3CA9A00E39963 /* .gitignore */; };
		E282F7BD28B3CA9A00E39963 /* .swiftlint.yml in Resources */ = {isa = PBXBuildFile; fileRef = E282F7BA28B3CA9A00E39963 /* .swiftlint.yml */; };
		E282F7BE28B3CA9A00E39963 /* README.md in Resources */ = {isa = PBXBuildFile; fileRef = E282F7BB28B3CA9A00E39963 /* README.md */; };
/* End PBXBuildFile section */

/* Begin PBXFileReference section */
		E282F75A28B3A00B00E39963 /* PROJECT_UIKIT_ios13.app */ = {isa = PBXFileReference; explicitFileType = wrapper.application; includeInIndex = 0; path = PROJECT_UIKIT_ios13.app; sourceTree = BUILT_PRODUCTS_DIR; };
		E282F75D28B3A00B00E39963 /* AppDelegate.swift */ = {isa = PBXFileReference; lastKnownFileType = sourcecode.swift; path = AppDelegate.swift; sourceTree = "<group>"; };
		E282F75F28B3A00B00E39963 /* SceneDelegate.swift */ = {isa = PBXFileReference; lastKnownFileType = sourcecode.swift; path = SceneDelegate.swift; sourceTree = "<group>"; };
		E282F76628B3A00C00E39963 /* Assets.xcassets */ = {isa = PBXFileReference; lastKnownFileType = folder.assetcatalog; path = Assets.xcassets; sourceTree = "<group>"; };
		E282F76928B3A00C00E39963 /* Base */ = {isa = PBXFileReference; lastKnownFileType = file.storyboard; name = Base; path = Base.lproj/LaunchScreen.storyboard; sourceTree = "<group>"; };
		E282F76B28B3A00C00E39963 /* Info.plist */ = {isa = PBXFileReference; lastKnownFileType = text.plist.xml; path = Info.plist; sourceTree = "<group>"; };
		E282F77F28B3A6D700E39963 /* AppCoordinator.swift */ = {isa = PBXFileReference; lastKnownFileType = sourcecode.swift; path = AppCoordinator.swift; sourceTree = "<group>"; };
		E282F78228B3A74500E39963 /* InitialViewModel.swift */ = {isa = PBXFileReference; lastKnownFileType = sourcecode.swift; path = InitialViewModel.swift; sourceTree = "<group>"; };
		E282F78328B3A74500E39963 /* InitialViewController.swift */ = {isa = PBXFileReference; lastKnownFileType = sourcecode.swift; path = InitialViewController.swift; sourceTree = "<group>"; };
		E282F78B28B3A9EC00E39963 /* ru */ = {isa = PBXFileReference; lastKnownFileType = text.plist.strings; name = ru; path = ru.lproj/LaunchScreen.strings; sourceTree = "<group>"; };
		E282F78D28B3A9F700E39963 /* en */ = {isa = PBXFileReference; lastKnownFileType = text.plist.strings; name = en; path = en.lproj/Localized.strings; sourceTree = "<group>"; };
		E282F78F28B3A9F800E39963 /* ru */ = {isa = PBXFileReference; lastKnownFileType = text.plist.strings; name = ru; path = ru.lproj/Localized.strings; sourceTree = "<group>"; };
		E282F79328B3AA1900E39963 /* en */ = {isa = PBXFileReference; lastKnownFileType = text.plist.stringsdict; name = en; path = en.lproj/Localized.stringsdict; sourceTree = "<group>"; };
		E282F79528B3AA1900E39963 /* ru */ = {isa = PBXFileReference; lastKnownFileType = text.plist.stringsdict; name = ru; path = ru.lproj/Localized.stringsdict; sourceTree = "<group>"; };
		E282F79F28B3ACF700E39963 /* Swiftgen */ = {isa = PBXFileReference; fileEncoding = 4; lastKnownFileType = text; path = Swiftgen; sourceTree = SOURCE_ROOT; };
		E282F7A128B3AD4B00E39963 /* ACLocalizedString+Generated.swift */ = {isa = PBXFileReference; fileEncoding = 4; lastKnownFileType = sourcecode.swift; path = "ACLocalizedString+Generated.swift"; sourceTree = "<group>"; };
		E282F7A628B3AF0900E39963 /* Assets+Generated.swift */ = {isa = PBXFileReference; fileEncoding = 4; lastKnownFileType = sourcecode.swift; path = "Assets+Generated.swift"; sourceTree = "<group>"; };
		E282F7A828B3AF6000E39963 /* AppViewController.swift */ = {isa = PBXFileReference; lastKnownFileType = sourcecode.swift; path = AppViewController.swift; sourceTree = "<group>"; };
		E282F7AA28B3AF8100E39963 /* AppViewModel.swift */ = {isa = PBXFileReference; lastKnownFileType = sourcecode.swift; path = AppViewModel.swift; sourceTree = "<group>"; };
		E282F7B428B3C59A00E39963 /* AppBuildConfiguration.swift */ = {isa = PBXFileReference; lastKnownFileType = sourcecode.swift; path = AppBuildConfiguration.swift; sourceTree = "<group>"; };
		E282F7B628B3C5AC00E39963 /* AppEnvironment.swift */ = {isa = PBXFileReference; lastKnownFileType = sourcecode.swift; path = AppEnvironment.swift; sourceTree = "<group>"; };
		E282F7B928B3CA9A00E39963 /* .gitignore */ = {isa = PBXFileReference; fileEncoding = 4; lastKnownFileType = text; path = .gitignore; sourceTree = SOURCE_ROOT; };
		E282F7BA28B3CA9A00E39963 /* .swiftlint.yml */ = {isa = PBXFileReference; fileEncoding = 4; lastKnownFileType = text.yaml; path = .swiftlint.yml; sourceTree = SOURCE_ROOT; };
		E282F7BB28B3CA9A00E39963 /* README.md */ = {isa = PBXFileReference; fileEncoding = 4; lastKnownFileType = net.daringfireball.markdown; path = README.md; sourceTree = SOURCE_ROOT; };
/* End PBXFileReference section */

/* Begin PBXFrameworksBuildPhase section */
		E282F75728B3A00B00E39963 /* Frameworks */ = {
			isa = PBXFrameworksBuildPhase;
			buildActionMask = 2147483647;
			files = (
				E282F7A528B3AD8000E39963 /* ACLocalized in Frameworks */,
				E282F77E28B3A6C200E39963 /* DPUIKit in Frameworks */,
			);
			runOnlyForDeploymentPostprocessing = 0;
		};
/* End PBXFrameworksBuildPhase section */

/* Begin PBXGroup section */
		E282F75128B3A00B00E39963 = {
			isa = PBXGroup;
			children = (
				E282F75C28B3A00B00E39963 /* PROJECT_UIKIT_ios13 */,
				E282F75B28B3A00B00E39963 /* Products */,
			);
			sourceTree = "<group>";
		};
		E282F75B28B3A00B00E39963 /* Products */ = {
			isa = PBXGroup;
			children = (
				E282F75A28B3A00B00E39963 /* PROJECT_UIKIT_ios13.app */,
			);
			name = Products;
			sourceTree = "<group>";
		};
		E282F75C28B3A00B00E39963 /* PROJECT_UIKIT_ios13 */ = {
			isa = PBXGroup;
			children = (
				E282F77128B3A11C00E39963 /* ApplicationLayer */,
				E282F77628B3A55D00E39963 /* DomainLayer */,
				E282F77928B3A5C900E39963 /* ExtensionLayer */,
				E282F77228B3A12900E39963 /* PresentationLayer */,
				E282F77328B3A1DD00E39963 /* SupportLayer */,
			);
			path = PROJECT_UIKIT_ios13;
			sourceTree = "<group>";
		};
		E282F77128B3A11C00E39963 /* ApplicationLayer */ = {
			isa = PBXGroup;
			children = (
				E282F7B428B3C59A00E39963 /* AppBuildConfiguration.swift */,
				E282F75D28B3A00B00E39963 /* AppDelegate.swift */,
				E282F7B628B3C5AC00E39963 /* AppEnvironment.swift */,
				E282F75F28B3A00B00E39963 /* SceneDelegate.swift */,
				E282F77428B3A22400E39963 /* Assets */,
				E282F77828B3A57200E39963 /* Localized */,
			);
			path = ApplicationLayer;
			sourceTree = "<group>";
		};
		E282F77228B3A12900E39963 /* PresentationLayer */ = {
			isa = PBXGroup;
			children = (
				E282F77A28B3A5D900E39963 /* Components */,
				E282F77528B3A32400E39963 /* Coordinators */,
				E282F77B28B3A5DE00E39963 /* Screens */,
			);
			path = PresentationLayer;
			sourceTree = "<group>";
		};
		E282F77328B3A1DD00E39963 /* SupportLayer */ = {
			isa = PBXGroup;
			children = (
				E282F7B928B3CA9A00E39963 /* .gitignore */,
				E282F7BA28B3CA9A00E39963 /* .swiftlint.yml */,
				E282F7BB28B3CA9A00E39963 /* README.md */,
				E282F79F28B3ACF700E39963 /* Swiftgen */,
				E282F76B28B3A00C00E39963 /* Info.plist */,
				E282F76828B3A00C00E39963 /* LaunchScreen.storyboard */,
			);
			name = SupportLayer;
			sourceTree = "<group>";
		};
		E282F77428B3A22400E39963 /* Assets */ = {
			isa = PBXGroup;
			children = (
				E282F7A628B3AF0900E39963 /* Assets+Generated.swift */,
				E282F76628B3A00C00E39963 /* Assets.xcassets */,
			);
			path = Assets;
			sourceTree = "<group>";
		};
		E282F77528B3A32400E39963 /* Coordinators */ = {
			isa = PBXGroup;
			children = (
				E282F77F28B3A6D700E39963 /* AppCoordinator.swift */,
			);
			path = Coordinators;
			sourceTree = "<group>";
		};
		E282F77628B3A55D00E39963 /* DomainLayer */ = {
			isa = PBXGroup;
			children = (
			);
			path = DomainLayer;
			sourceTree = "<group>";
		};
		E282F77828B3A57200E39963 /* Localized */ = {
			isa = PBXGroup;
			children = (
				E282F7A128B3AD4B00E39963 /* ACLocalizedString+Generated.swift */,
				E282F78E28B3A9F700E39963 /* Localized.strings */,
				E282F79428B3AA1900E39963 /* Localized.stringsdict */,
			);
			path = Localized;
			sourceTree = "<group>";
		};
		E282F77928B3A5C900E39963 /* ExtensionLayer */ = {
			isa = PBXGroup;
			children = (
				E282F7A828B3AF6000E39963 /* AppViewController.swift */,
				E282F7AA28B3AF8100E39963 /* AppViewModel.swift */,
			);
			path = ExtensionLayer;
			sourceTree = "<group>";
		};
		E282F77A28B3A5D900E39963 /* Components */ = {
			isa = PBXGroup;
			children = (
			);
			path = Components;
			sourceTree = "<group>";
		};
		E282F77B28B3A5DE00E39963 /* Screens */ = {
			isa = PBXGroup;
			children = (
				E282F78128B3A72D00E39963 /* Initial */,
			);
			path = Screens;
			sourceTree = "<group>";
		};
		E282F78128B3A72D00E39963 /* Initial */ = {
			isa = PBXGroup;
			children = (
				E282F78328B3A74500E39963 /* InitialViewController.swift */,
				E282F78228B3A74500E39963 /* InitialViewModel.swift */,
			);
			path = Initial;
			sourceTree = "<group>";
		};
/* End PBXGroup section */

/* Begin PBXNativeTarget section */
		E282F75928B3A00B00E39963 /* PROJECT_UIKIT_ios13 */ = {
			isa = PBXNativeTarget;
			buildConfigurationList = E282F76E28B3A00C00E39963 /* Build configuration list for PBXNativeTarget "PROJECT_UIKIT_ios13" */;
			buildPhases = (
				E282F78628B3A91A00E39963 /* SwiftGen */,
				E282F75628B3A00B00E39963 /* Sources */,
				E282F75728B3A00B00E39963 /* Frameworks */,
				E282F75828B3A00B00E39963 /* Resources */,
				E282F7B828B3CA3C00E39963 /* SwiftLint */,
			);
			buildRules = (
			);
			dependencies = (
			);
			name = PROJECT_UIKIT_ios13;
			packageProductDependencies = (
				E282F77D28B3A6C200E39963 /* DPUIKit */,
				E282F7A428B3AD8000E39963 /* ACLocalized */,
			);
			productName = PROJECT_UIKIT_ios13;
			productReference = E282F75A28B3A00B00E39963 /* PROJECT_UIKIT_ios13.app */;
			productType = "com.apple.product-type.application";
		};
/* End PBXNativeTarget section */

/* Begin PBXProject section */
		E282F75228B3A00B00E39963 /* Project object */ = {
			isa = PBXProject;
			attributes = {
				BuildIndependentTargetsInParallel = NO;
				LastSwiftUpdateCheck = 1340;
				LastUpgradeCheck = 1340;
				TargetAttributes = {
					E282F75928B3A00B00E39963 = {
						CreatedOnToolsVersion = 13.4.1;
					};
				};
			};
			buildConfigurationList = E282F75528B3A00B00E39963 /* Build configuration list for PBXProject "PROJECT_UIKIT_ios13" */;
			compatibilityVersion = "Xcode 13.0";
			developmentRegion = en;
			hasScannedForEncodings = 0;
			knownRegions = (
				en,
				Base,
				ru,
			);
			mainGroup = E282F75128B3A00B00E39963;
			packageReferences = (
				E282F77C28B3A6C200E39963 /* XCRemoteSwiftPackageReference "DPUIKit" */,
				E282F7A328B3AD8000E39963 /* XCRemoteSwiftPackageReference "appcraft-localized-ios" */,
			);
			productRefGroup = E282F75B28B3A00B00E39963 /* Products */;
			projectDirPath = "";
			projectRoot = "";
			targets = (
				E282F75928B3A00B00E39963 /* PROJECT_UIKIT_ios13 */,
			);
		};
/* End PBXProject section */

/* Begin PBXResourcesBuildPhase section */
		E282F75828B3A00B00E39963 /* Resources */ = {
			isa = PBXResourcesBuildPhase;
			buildActionMask = 2147483647;
			files = (
				E282F78C28B3A9F700E39963 /* Localized.strings in Resources */,
				E282F76A28B3A00C00E39963 /* LaunchScreen.storyboard in Resources */,
				E282F76728B3A00C00E39963 /* Assets.xcassets in Resources */,
				E282F7BD28B3CA9A00E39963 /* .swiftlint.yml in Resources */,
				E282F7A028B3ACF700E39963 /* Swiftgen in Resources */,
				E282F7BC28B3CA9A00E39963 /* .gitignore in Resources */,
				E282F7BE28B3CA9A00E39963 /* README.md in Resources */,
				E282F79228B3AA1900E39963 /* Localized.stringsdict in Resources */,
			);
			runOnlyForDeploymentPostprocessing = 0;
		};
/* End PBXResourcesBuildPhase section */

/* Begin PBXShellScriptBuildPhase section */
		E282F78628B3A91A00E39963 /* SwiftGen */ = {
			isa = PBXShellScriptBuildPhase;
			buildActionMask = 2147483647;
			files = (
			);
			inputFileListPaths = (
			);
			inputPaths = (
			);
			name = SwiftGen;
			outputFileListPaths = (
			);
			outputPaths = (
			);
			runOnlyForDeploymentPostprocessing = 0;
			shellPath = /bin/sh;
			shellScript = "if test -d \"/opt/homebrew/bin/\"; then\n  PATH=\"/opt/homebrew/bin/:${PATH}\"\nfi\n\nexport PATH\n\nif which swiftgen >/dev/null; then\n  swiftgen config run --config $SRCROOT/Swiftgen/swiftgen.yml\nelse\n  echo \"warning: SwiftGen not installed, install from https://github.com/SwiftGen/SwiftGen\"\nfi\n\n";
		};
		E282F7B828B3CA3C00E39963 /* SwiftLint */ = {
			isa = PBXShellScriptBuildPhase;
			buildActionMask = 2147483647;
			files = (
			);
			inputFileListPaths = (
			);
			inputPaths = (
			);
			name = SwiftLint;
			outputFileListPaths = (
			);
			outputPaths = (
			);
			runOnlyForDeploymentPostprocessing = 0;
			shellPath = /bin/sh;
			shellScript = "if test -d \"/opt/homebrew/bin/\"; then\n  PATH=\"/opt/homebrew/bin/:${PATH}\"\nfi\n\nexport PATH\n\nif which swiftlint >/dev/null; then\n  swiftlint\nelse\n  echo \"warning: SwiftLint not installed, download from https://github.com/realm/SwiftLint\"\nfi\n";
		};
/* End PBXShellScriptBuildPhase section */

/* Begin PBXSourcesBuildPhase section */
		E282F75628B3A00B00E39963 /* Sources */ = {
			isa = PBXSourcesBuildPhase;
			buildActionMask = 2147483647;
			files = (
				E282F78528B3A74500E39963 /* InitialViewController.swift in Sources */,
				E282F78028B3A6D700E39963 /* AppCoordinator.swift in Sources */,
				E282F7AB28B3AF8100E39963 /* AppViewModel.swift in Sources */,
				E282F7A928B3AF6000E39963 /* AppViewController.swift in Sources */,
				E282F75E28B3A00B00E39963 /* AppDelegate.swift in Sources */,
				E282F7B528B3C59A00E39963 /* AppBuildConfiguration.swift in Sources */,
				E282F76028B3A00B00E39963 /* SceneDelegate.swift in Sources */,
				E282F7A728B3AF0900E39963 /* Assets+Generated.swift in Sources */,
				E282F7A228B3AD4B00E39963 /* ACLocalizedString+Generated.swift in Sources */,
				E282F78428B3A74500E39963 /* InitialViewModel.swift in Sources */,
				E282F7B728B3C5AC00E39963 /* AppEnvironment.swift in Sources */,
			);
			runOnlyForDeploymentPostprocessing = 0;
		};
/* End PBXSourcesBuildPhase section */

/* Begin PBXVariantGroup section */
		E282F76828B3A00C00E39963 /* LaunchScreen.storyboard */ = {
			isa = PBXVariantGroup;
			children = (
				E282F76928B3A00C00E39963 /* Base */,
				E282F78B28B3A9EC00E39963 /* ru */,
			);
			name = LaunchScreen.storyboard;
			sourceTree = "<group>";
		};
		E282F78E28B3A9F700E39963 /* Localized.strings */ = {
			isa = PBXVariantGroup;
			children = (
				E282F78D28B3A9F700E39963 /* en */,
				E282F78F28B3A9F800E39963 /* ru */,
			);
			name = Localized.strings;
			sourceTree = "<group>";
		};
		E282F79428B3AA1900E39963 /* Localized.stringsdict */ = {
			isa = PBXVariantGroup;
			children = (
				E282F79328B3AA1900E39963 /* en */,
				E282F79528B3AA1900E39963 /* ru */,
			);
			name = Localized.stringsdict;
			sourceTree = "<group>";
		};
/* End PBXVariantGroup section */

/* Begin XCBuildConfiguration section */
		E282F76C28B3A00C00E39963 /* Develop_Debug */ = {
			isa = XCBuildConfiguration;
			buildSettings = {
				ALWAYS_SEARCH_USER_PATHS = NO;
				CLANG_ANALYZER_LOCALIZABILITY_NONLOCALIZED = YES;
				CLANG_ANALYZER_NONNULL = YES;
				CLANG_ANALYZER_NUMBER_OBJECT_CONVERSION = YES_AGGRESSIVE;
				CLANG_CXX_LANGUAGE_STANDARD = "gnu++17";
				CLANG_ENABLE_MODULES = YES;
				CLANG_ENABLE_OBJC_ARC = YES;
				CLANG_ENABLE_OBJC_WEAK = YES;
				CLANG_WARN_BLOCK_CAPTURE_AUTORELEASING = YES;
				CLANG_WARN_BOOL_CONVERSION = YES;
				CLANG_WARN_COMMA = YES;
				CLANG_WARN_CONSTANT_CONVERSION = YES;
				CLANG_WARN_DEPRECATED_OBJC_IMPLEMENTATIONS = YES;
				CLANG_WARN_DIRECT_OBJC_ISA_USAGE = YES_ERROR;
				CLANG_WARN_DOCUMENTATION_COMMENTS = YES;
				CLANG_WARN_EMPTY_BODY = YES;
				CLANG_WARN_ENUM_CONVERSION = YES;
				CLANG_WARN_INFINITE_RECURSION = YES;
				CLANG_WARN_INT_CONVERSION = YES;
				CLANG_WARN_NON_LITERAL_NULL_CONVERSION = YES;
				CLANG_WARN_OBJC_IMPLICIT_RETAIN_SELF = YES;
				CLANG_WARN_OBJC_LITERAL_CONVERSION = YES;
				CLANG_WARN_OBJC_ROOT_CLASS = YES_ERROR;
				CLANG_WARN_QUOTED_INCLUDE_IN_FRAMEWORK_HEADER = YES;
				CLANG_WARN_RANGE_LOOP_ANALYSIS = YES;
				CLANG_WARN_STRICT_PROTOTYPES = YES;
				CLANG_WARN_SUSPICIOUS_MOVE = YES;
				CLANG_WARN_UNGUARDED_AVAILABILITY = YES_AGGRESSIVE;
				CLANG_WARN_UNREACHABLE_CODE = YES;
				CLANG_WARN__DUPLICATE_METHOD_MATCH = YES;
				COPY_PHASE_STRIP = NO;
				DEBUG_INFORMATION_FORMAT = dwarf;
				ENABLE_STRICT_OBJC_MSGSEND = YES;
				ENABLE_TESTABILITY = YES;
				GCC_C_LANGUAGE_STANDARD = gnu11;
				GCC_DYNAMIC_NO_PIC = NO;
				GCC_NO_COMMON_BLOCKS = YES;
				GCC_OPTIMIZATION_LEVEL = 0;
				GCC_PREPROCESSOR_DEFINITIONS = (
					"DEBUG=1",
					"$(inherited)",
				);
				GCC_WARN_64_TO_32_BIT_CONVERSION = YES;
				GCC_WARN_ABOUT_RETURN_TYPE = YES_ERROR;
				GCC_WARN_UNDECLARED_SELECTOR = YES;
				GCC_WARN_UNINITIALIZED_AUTOS = YES_AGGRESSIVE;
				GCC_WARN_UNUSED_FUNCTION = YES;
				GCC_WARN_UNUSED_VARIABLE = YES;
				IPHONEOS_DEPLOYMENT_TARGET = 13.0;
				MTL_ENABLE_DEBUG_INFO = INCLUDE_SOURCE;
				MTL_FAST_MATH = YES;
				ONLY_ACTIVE_ARCH = YES;
				SDKROOT = iphoneos;
				SWIFT_ACTIVE_COMPILATION_CONDITIONS = DEBUG;
				SWIFT_OPTIMIZATION_LEVEL = "-Onone";
			};
			name = Develop_Debug;
		};
		E282F76D28B3A00C00E39963 /* Develop_Release */ = {
			isa = XCBuildConfiguration;
			buildSettings = {
				ALWAYS_SEARCH_USER_PATHS = NO;
				CLANG_ANALYZER_LOCALIZABILITY_NONLOCALIZED = YES;
				CLANG_ANALYZER_NONNULL = YES;
				CLANG_ANALYZER_NUMBER_OBJECT_CONVERSION = YES_AGGRESSIVE;
				CLANG_CXX_LANGUAGE_STANDARD = "gnu++17";
				CLANG_ENABLE_MODULES = YES;
				CLANG_ENABLE_OBJC_ARC = YES;
				CLANG_ENABLE_OBJC_WEAK = YES;
				CLANG_WARN_BLOCK_CAPTURE_AUTORELEASING = YES;
				CLANG_WARN_BOOL_CONVERSION = YES;
				CLANG_WARN_COMMA = YES;
				CLANG_WARN_CONSTANT_CONVERSION = YES;
				CLANG_WARN_DEPRECATED_OBJC_IMPLEMENTATIONS = YES;
				CLANG_WARN_DIRECT_OBJC_ISA_USAGE = YES_ERROR;
				CLANG_WARN_DOCUMENTATION_COMMENTS = YES;
				CLANG_WARN_EMPTY_BODY = YES;
				CLANG_WARN_ENUM_CONVERSION = YES;
				CLANG_WARN_INFINITE_RECURSION = YES;
				CLANG_WARN_INT_CONVERSION = YES;
				CLANG_WARN_NON_LITERAL_NULL_CONVERSION = YES;
				CLANG_WARN_OBJC_IMPLICIT_RETAIN_SELF = YES;
				CLANG_WARN_OBJC_LITERAL_CONVERSION = YES;
				CLANG_WARN_OBJC_ROOT_CLASS = YES_ERROR;
				CLANG_WARN_QUOTED_INCLUDE_IN_FRAMEWORK_HEADER = YES;
				CLANG_WARN_RANGE_LOOP_ANALYSIS = YES;
				CLANG_WARN_STRICT_PROTOTYPES = YES;
				CLANG_WARN_SUSPICIOUS_MOVE = YES;
				CLANG_WARN_UNGUARDED_AVAILABILITY = YES_AGGRESSIVE;
				CLANG_WARN_UNREACHABLE_CODE = YES;
				CLANG_WARN__DUPLICATE_METHOD_MATCH = YES;
				COPY_PHASE_STRIP = NO;
				DEBUG_INFORMATION_FORMAT = "dwarf-with-dsym";
				ENABLE_NS_ASSERTIONS = NO;
				ENABLE_STRICT_OBJC_MSGSEND = YES;
				GCC_C_LANGUAGE_STANDARD = gnu11;
				GCC_NO_COMMON_BLOCKS = YES;
				GCC_WARN_64_TO_32_BIT_CONVERSION = YES;
				GCC_WARN_ABOUT_RETURN_TYPE = YES_ERROR;
				GCC_WARN_UNDECLARED_SELECTOR = YES;
				GCC_WARN_UNINITIALIZED_AUTOS = YES_AGGRESSIVE;
				GCC_WARN_UNUSED_FUNCTION = YES;
				GCC_WARN_UNUSED_VARIABLE = YES;
				IPHONEOS_DEPLOYMENT_TARGET = 13.0;
				MTL_ENABLE_DEBUG_INFO = NO;
				MTL_FAST_MATH = YES;
				SDKROOT = iphoneos;
				SWIFT_COMPILATION_MODE = wholemodule;
				SWIFT_OPTIMIZATION_LEVEL = "-O";
				VALIDATE_PRODUCT = YES;
			};
			name = Develop_Release;
		};
		E282F76F28B3A00C00E39963 /* Develop_Debug */ = {
			isa = XCBuildConfiguration;
			buildSettings = {
				ASSETCATALOG_COMPILER_APPICON_NAME = AppIcon;
				ASSETCATALOG_COMPILER_GLOBAL_ACCENT_COLOR_NAME = AccentColor;
				CODE_SIGN_STYLE = Automatic;
				CURRENT_PROJECT_VERSION = 1;
				GENERATE_INFOPLIST_FILE = NO;
				INFOPLIST_FILE = PROJECT_UIKIT_ios13/Info.plist;
				INFOPLIST_KEY_UIApplicationSupportsIndirectInputEvents = YES;
				INFOPLIST_KEY_UILaunchStoryboardName = LaunchScreen;
				INFOPLIST_KEY_UIMainStoryboardFile = Main;
				INFOPLIST_KEY_UISupportedInterfaceOrientations_iPad = "UIInterfaceOrientationPortrait UIInterfaceOrientationPortraitUpsideDown UIInterfaceOrientationLandscapeLeft UIInterfaceOrientationLandscapeRight";
				INFOPLIST_KEY_UISupportedInterfaceOrientations_iPhone = "UIInterfaceOrientationPortrait UIInterfaceOrientationLandscapeLeft UIInterfaceOrientationLandscapeRight";
				IPHONEOS_DEPLOYMENT_TARGET = 13.0;
				LD_RUNPATH_SEARCH_PATHS = (
					"$(inherited)",
					"@executable_path/Frameworks",
				);
				MARKETING_VERSION = 1.0;
				PRODUCT_BUNDLE_IDENTIFIER = ru.appcraft;
				PRODUCT_NAME = "$(TARGET_NAME)";
				SWIFT_ACTIVE_COMPILATION_CONDITIONS = DEVELOP_DEBUG;
				SWIFT_EMIT_LOC_STRINGS = YES;
				SWIFT_VERSION = 5.0;
				TARGETED_DEVICE_FAMILY = 1;
			};
			name = Develop_Debug;
		};
		E282F77028B3A00C00E39963 /* Develop_Release */ = {
			isa = XCBuildConfiguration;
			buildSettings = {
				ASSETCATALOG_COMPILER_APPICON_NAME = AppIcon;
				ASSETCATALOG_COMPILER_GLOBAL_ACCENT_COLOR_NAME = AccentColor;
				CODE_SIGN_STYLE = Automatic;
				CURRENT_PROJECT_VERSION = 1;
				GENERATE_INFOPLIST_FILE = NO;
				INFOPLIST_FILE = PROJECT_UIKIT_ios13/Info.plist;
				INFOPLIST_KEY_UIApplicationSupportsIndirectInputEvents = YES;
				INFOPLIST_KEY_UILaunchStoryboardName = LaunchScreen;
				INFOPLIST_KEY_UIMainStoryboardFile = Main;
				INFOPLIST_KEY_UISupportedInterfaceOrientations_iPad = "UIInterfaceOrientationPortrait UIInterfaceOrientationPortraitUpsideDown UIInterfaceOrientationLandscapeLeft UIInterfaceOrientationLandscapeRight";
				INFOPLIST_KEY_UISupportedInterfaceOrientations_iPhone = "UIInterfaceOrientationPortrait UIInterfaceOrientationLandscapeLeft UIInterfaceOrientationLandscapeRight";
				IPHONEOS_DEPLOYMENT_TARGET = 13.0;
				LD_RUNPATH_SEARCH_PATHS = (
					"$(inherited)",
					"@executable_path/Frameworks",
				);
				MARKETING_VERSION = 1.0;
				PRODUCT_BUNDLE_IDENTIFIER = ru.appcraft;
				PRODUCT_NAME = "$(TARGET_NAME)";
				SWIFT_ACTIVE_COMPILATION_CONDITIONS = DEVELOP_RELEASE;
				SWIFT_EMIT_LOC_STRINGS = YES;
				SWIFT_VERSION = 5.0;
				TARGETED_DEVICE_FAMILY = 1;
			};
			name = Develop_Release;
		};
		E282F7AC28B3C26300E39963 /* Stage_Debug */ = {
			isa = XCBuildConfiguration;
			buildSettings = {
				ALWAYS_SEARCH_USER_PATHS = NO;
				CLANG_ANALYZER_LOCALIZABILITY_NONLOCALIZED = YES;
				CLANG_ANALYZER_NONNULL = YES;
				CLANG_ANALYZER_NUMBER_OBJECT_CONVERSION = YES_AGGRESSIVE;
				CLANG_CXX_LANGUAGE_STANDARD = "gnu++17";
				CLANG_ENABLE_MODULES = YES;
				CLANG_ENABLE_OBJC_ARC = YES;
				CLANG_ENABLE_OBJC_WEAK = YES;
				CLANG_WARN_BLOCK_CAPTURE_AUTORELEASING = YES;
				CLANG_WARN_BOOL_CONVERSION = YES;
				CLANG_WARN_COMMA = YES;
				CLANG_WARN_CONSTANT_CONVERSION = YES;
				CLANG_WARN_DEPRECATED_OBJC_IMPLEMENTATIONS = YES;
				CLANG_WARN_DIRECT_OBJC_ISA_USAGE = YES_ERROR;
				CLANG_WARN_DOCUMENTATION_COMMENTS = YES;
				CLANG_WARN_EMPTY_BODY = YES;
				CLANG_WARN_ENUM_CONVERSION = YES;
				CLANG_WARN_INFINITE_RECURSION = YES;
				CLANG_WARN_INT_CONVERSION = YES;
				CLANG_WARN_NON_LITERAL_NULL_CONVERSION = YES;
				CLANG_WARN_OBJC_IMPLICIT_RETAIN_SELF = YES;
				CLANG_WARN_OBJC_LITERAL_CONVERSION = YES;
				CLANG_WARN_OBJC_ROOT_CLASS = YES_ERROR;
				CLANG_WARN_QUOTED_INCLUDE_IN_FRAMEWORK_HEADER = YES;
				CLANG_WARN_RANGE_LOOP_ANALYSIS = YES;
				CLANG_WARN_STRICT_PROTOTYPES = YES;
				CLANG_WARN_SUSPICIOUS_MOVE = YES;
				CLANG_WARN_UNGUARDED_AVAILABILITY = YES_AGGRESSIVE;
				CLANG_WARN_UNREACHABLE_CODE = YES;
				CLANG_WARN__DUPLICATE_METHOD_MATCH = YES;
				COPY_PHASE_STRIP = NO;
				DEBUG_INFORMATION_FORMAT = dwarf;
				ENABLE_STRICT_OBJC_MSGSEND = YES;
				ENABLE_TESTABILITY = YES;
				GCC_C_LANGUAGE_STANDARD = gnu11;
				GCC_DYNAMIC_NO_PIC = NO;
				GCC_NO_COMMON_BLOCKS = YES;
				GCC_OPTIMIZATION_LEVEL = 0;
				GCC_PREPROCESSOR_DEFINITIONS = (
					"DEBUG=1",
					"$(inherited)",
				);
				GCC_WARN_64_TO_32_BIT_CONVERSION = YES;
				GCC_WARN_ABOUT_RETURN_TYPE = YES_ERROR;
				GCC_WARN_UNDECLARED_SELECTOR = YES;
				GCC_WARN_UNINITIALIZED_AUTOS = YES_AGGRESSIVE;
				GCC_WARN_UNUSED_FUNCTION = YES;
				GCC_WARN_UNUSED_VARIABLE = YES;
				IPHONEOS_DEPLOYMENT_TARGET = 13.0;
				MTL_ENABLE_DEBUG_INFO = INCLUDE_SOURCE;
				MTL_FAST_MATH = YES;
				ONLY_ACTIVE_ARCH = YES;
				SDKROOT = iphoneos;
				SWIFT_ACTIVE_COMPILATION_CONDITIONS = DEBUG;
				SWIFT_OPTIMIZATION_LEVEL = "-Onone";
			};
			name = Stage_Debug;
		};
		E282F7AD28B3C26300E39963 /* Stage_Debug */ = {
			isa = XCBuildConfiguration;
			buildSettings = {
				ASSETCATALOG_COMPILER_APPICON_NAME = AppIcon;
				ASSETCATALOG_COMPILER_GLOBAL_ACCENT_COLOR_NAME = AccentColor;
				CODE_SIGN_STYLE = Automatic;
				CURRENT_PROJECT_VERSION = 1;
				GENERATE_INFOPLIST_FILE = NO;
				INFOPLIST_FILE = PROJECT_UIKIT_ios13/Info.plist;
				INFOPLIST_KEY_UIApplicationSupportsIndirectInputEvents = YES;
				INFOPLIST_KEY_UILaunchStoryboardName = LaunchScreen;
				INFOPLIST_KEY_UIMainStoryboardFile = Main;
				INFOPLIST_KEY_UISupportedInterfaceOrientations_iPad = "UIInterfaceOrientationPortrait UIInterfaceOrientationPortraitUpsideDown UIInterfaceOrientationLandscapeLeft UIInterfaceOrientationLandscapeRight";
				INFOPLIST_KEY_UISupportedInterfaceOrientations_iPhone = "UIInterfaceOrientationPortrait UIInterfaceOrientationLandscapeLeft UIInterfaceOrientationLandscapeRight";
				IPHONEOS_DEPLOYMENT_TARGET = 13.0;
				LD_RUNPATH_SEARCH_PATHS = (
					"$(inherited)",
					"@executable_path/Frameworks",
				);
				MARKETING_VERSION = 1.0;
				PRODUCT_BUNDLE_IDENTIFIER = ru.appcraft;
				PRODUCT_NAME = "$(TARGET_NAME)";
				SWIFT_ACTIVE_COMPILATION_CONDITIONS = STAGE_DEBUG;
				SWIFT_EMIT_LOC_STRINGS = YES;
				SWIFT_VERSION = 5.0;
				TARGETED_DEVICE_FAMILY = 1;
			};
			name = Stage_Debug;
		};
		E282F7AE28B3C28700E39963 /* Store_Debug */ = {
			isa = XCBuildConfiguration;
			buildSettings = {
				ALWAYS_SEARCH_USER_PATHS = NO;
				CLANG_ANALYZER_LOCALIZABILITY_NONLOCALIZED = YES;
				CLANG_ANALYZER_NONNULL = YES;
				CLANG_ANALYZER_NUMBER_OBJECT_CONVERSION = YES_AGGRESSIVE;
				CLANG_CXX_LANGUAGE_STANDARD = "gnu++17";
				CLANG_ENABLE_MODULES = YES;
				CLANG_ENABLE_OBJC_ARC = YES;
				CLANG_ENABLE_OBJC_WEAK = YES;
				CLANG_WARN_BLOCK_CAPTURE_AUTORELEASING = YES;
				CLANG_WARN_BOOL_CONVERSION = YES;
				CLANG_WARN_COMMA = YES;
				CLANG_WARN_CONSTANT_CONVERSION = YES;
				CLANG_WARN_DEPRECATED_OBJC_IMPLEMENTATIONS = YES;
				CLANG_WARN_DIRECT_OBJC_ISA_USAGE = YES_ERROR;
				CLANG_WARN_DOCUMENTATION_COMMENTS = YES;
				CLANG_WARN_EMPTY_BODY = YES;
				CLANG_WARN_ENUM_CONVERSION = YES;
				CLANG_WARN_INFINITE_RECURSION = YES;
				CLANG_WARN_INT_CONVERSION = YES;
				CLANG_WARN_NON_LITERAL_NULL_CONVERSION = YES;
				CLANG_WARN_OBJC_IMPLICIT_RETAIN_SELF = YES;
				CLANG_WARN_OBJC_LITERAL_CONVERSION = YES;
				CLANG_WARN_OBJC_ROOT_CLASS = YES_ERROR;
				CLANG_WARN_QUOTED_INCLUDE_IN_FRAMEWORK_HEADER = YES;
				CLANG_WARN_RANGE_LOOP_ANALYSIS = YES;
				CLANG_WARN_STRICT_PROTOTYPES = YES;
				CLANG_WARN_SUSPICIOUS_MOVE = YES;
				CLANG_WARN_UNGUARDED_AVAILABILITY = YES_AGGRESSIVE;
				CLANG_WARN_UNREACHABLE_CODE = YES;
				CLANG_WARN__DUPLICATE_METHOD_MATCH = YES;
				COPY_PHASE_STRIP = NO;
				DEBUG_INFORMATION_FORMAT = dwarf;
				ENABLE_STRICT_OBJC_MSGSEND = YES;
				ENABLE_TESTABILITY = YES;
				GCC_C_LANGUAGE_STANDARD = gnu11;
				GCC_DYNAMIC_NO_PIC = NO;
				GCC_NO_COMMON_BLOCKS = YES;
				GCC_OPTIMIZATION_LEVEL = 0;
				GCC_PREPROCESSOR_DEFINITIONS = (
					"DEBUG=1",
					"$(inherited)",
				);
				GCC_WARN_64_TO_32_BIT_CONVERSION = YES;
				GCC_WARN_ABOUT_RETURN_TYPE = YES_ERROR;
				GCC_WARN_UNDECLARED_SELECTOR = YES;
				GCC_WARN_UNINITIALIZED_AUTOS = YES_AGGRESSIVE;
				GCC_WARN_UNUSED_FUNCTION = YES;
				GCC_WARN_UNUSED_VARIABLE = YES;
				IPHONEOS_DEPLOYMENT_TARGET = 13.0;
				MTL_ENABLE_DEBUG_INFO = INCLUDE_SOURCE;
				MTL_FAST_MATH = YES;
				ONLY_ACTIVE_ARCH = YES;
				SDKROOT = iphoneos;
				SWIFT_ACTIVE_COMPILATION_CONDITIONS = DEBUG;
				SWIFT_OPTIMIZATION_LEVEL = "-Onone";
			};
			name = Store_Debug;
		};
		E282F7AF28B3C28700E39963 /* Store_Debug */ = {
			isa = XCBuildConfiguration;
			buildSettings = {
				ASSETCATALOG_COMPILER_APPICON_NAME = AppIcon;
				ASSETCATALOG_COMPILER_GLOBAL_ACCENT_COLOR_NAME = AccentColor;
				CODE_SIGN_STYLE = Automatic;
				CURRENT_PROJECT_VERSION = 1;
				GENERATE_INFOPLIST_FILE = NO;
				INFOPLIST_FILE = PROJECT_UIKIT_ios13/Info.plist;
				INFOPLIST_KEY_UIApplicationSupportsIndirectInputEvents = YES;
				INFOPLIST_KEY_UILaunchStoryboardName = LaunchScreen;
				INFOPLIST_KEY_UIMainStoryboardFile = Main;
				INFOPLIST_KEY_UISupportedInterfaceOrientations_iPad = "UIInterfaceOrientationPortrait UIInterfaceOrientationPortraitUpsideDown UIInterfaceOrientationLandscapeLeft UIInterfaceOrientationLandscapeRight";
				INFOPLIST_KEY_UISupportedInterfaceOrientations_iPhone = "UIInterfaceOrientationPortrait UIInterfaceOrientationLandscapeLeft UIInterfaceOrientationLandscapeRight";
				IPHONEOS_DEPLOYMENT_TARGET = 13.0;
				LD_RUNPATH_SEARCH_PATHS = (
					"$(inherited)",
					"@executable_path/Frameworks",
				);
				MARKETING_VERSION = 1.0;
				PRODUCT_BUNDLE_IDENTIFIER = ru.appcraft;
				PRODUCT_NAME = "$(TARGET_NAME)";
				SWIFT_ACTIVE_COMPILATION_CONDITIONS = STORE_DEBUG;
				SWIFT_EMIT_LOC_STRINGS = YES;
				SWIFT_VERSION = 5.0;
				TARGETED_DEVICE_FAMILY = 1;
			};
			name = Store_Debug;
		};
		E282F7B028B3C2BB00E39963 /* Stage_Release */ = {
			isa = XCBuildConfiguration;
			buildSettings = {
				ALWAYS_SEARCH_USER_PATHS = NO;
				CLANG_ANALYZER_LOCALIZABILITY_NONLOCALIZED = YES;
				CLANG_ANALYZER_NONNULL = YES;
				CLANG_ANALYZER_NUMBER_OBJECT_CONVERSION = YES_AGGRESSIVE;
				CLANG_CXX_LANGUAGE_STANDARD = "gnu++17";
				CLANG_ENABLE_MODULES = YES;
				CLANG_ENABLE_OBJC_ARC = YES;
				CLANG_ENABLE_OBJC_WEAK = YES;
				CLANG_WARN_BLOCK_CAPTURE_AUTORELEASING = YES;
				CLANG_WARN_BOOL_CONVERSION = YES;
				CLANG_WARN_COMMA = YES;
				CLANG_WARN_CONSTANT_CONVERSION = YES;
				CLANG_WARN_DEPRECATED_OBJC_IMPLEMENTATIONS = YES;
				CLANG_WARN_DIRECT_OBJC_ISA_USAGE = YES_ERROR;
				CLANG_WARN_DOCUMENTATION_COMMENTS = YES;
				CLANG_WARN_EMPTY_BODY = YES;
				CLANG_WARN_ENUM_CONVERSION = YES;
				CLANG_WARN_INFINITE_RECURSION = YES;
				CLANG_WARN_INT_CONVERSION = YES;
				CLANG_WARN_NON_LITERAL_NULL_CONVERSION = YES;
				CLANG_WARN_OBJC_IMPLICIT_RETAIN_SELF = YES;
				CLANG_WARN_OBJC_LITERAL_CONVERSION = YES;
				CLANG_WARN_OBJC_ROOT_CLASS = YES_ERROR;
				CLANG_WARN_QUOTED_INCLUDE_IN_FRAMEWORK_HEADER = YES;
				CLANG_WARN_RANGE_LOOP_ANALYSIS = YES;
				CLANG_WARN_STRICT_PROTOTYPES = YES;
				CLANG_WARN_SUSPICIOUS_MOVE = YES;
				CLANG_WARN_UNGUARDED_AVAILABILITY = YES_AGGRESSIVE;
				CLANG_WARN_UNREACHABLE_CODE = YES;
				CLANG_WARN__DUPLICATE_METHOD_MATCH = YES;
				COPY_PHASE_STRIP = NO;
				DEBUG_INFORMATION_FORMAT = "dwarf-with-dsym";
				ENABLE_NS_ASSERTIONS = NO;
				ENABLE_STRICT_OBJC_MSGSEND = YES;
				GCC_C_LANGUAGE_STANDARD = gnu11;
				GCC_NO_COMMON_BLOCKS = YES;
				GCC_WARN_64_TO_32_BIT_CONVERSION = YES;
				GCC_WARN_ABOUT_RETURN_TYPE = YES_ERROR;
				GCC_WARN_UNDECLARED_SELECTOR = YES;
				GCC_WARN_UNINITIALIZED_AUTOS = YES_AGGRESSIVE;
				GCC_WARN_UNUSED_FUNCTION = YES;
				GCC_WARN_UNUSED_VARIABLE = YES;
				IPHONEOS_DEPLOYMENT_TARGET = 13.0;
				MTL_ENABLE_DEBUG_INFO = NO;
				MTL_FAST_MATH = YES;
				SDKROOT = iphoneos;
				SWIFT_COMPILATION_MODE = wholemodule;
				SWIFT_OPTIMIZATION_LEVEL = "-O";
				VALIDATE_PRODUCT = YES;
			};
			name = Stage_Release;
		};
		E282F7B128B3C2BB00E39963 /* Stage_Release */ = {
			isa = XCBuildConfiguration;
			buildSettings = {
				ASSETCATALOG_COMPILER_APPICON_NAME = AppIcon;
				ASSETCATALOG_COMPILER_GLOBAL_ACCENT_COLOR_NAME = AccentColor;
				CODE_SIGN_STYLE = Automatic;
				CURRENT_PROJECT_VERSION = 1;
				GENERATE_INFOPLIST_FILE = NO;
				INFOPLIST_FILE = PROJECT_UIKIT_ios13/Info.plist;
				INFOPLIST_KEY_UIApplicationSupportsIndirectInputEvents = YES;
				INFOPLIST_KEY_UILaunchStoryboardName = LaunchScreen;
				INFOPLIST_KEY_UIMainStoryboardFile = Main;
				INFOPLIST_KEY_UISupportedInterfaceOrientations_iPad = "UIInterfaceOrientationPortrait UIInterfaceOrientationPortraitUpsideDown UIInterfaceOrientationLandscapeLeft UIInterfaceOrientationLandscapeRight";
				INFOPLIST_KEY_UISupportedInterfaceOrientations_iPhone = "UIInterfaceOrientationPortrait UIInterfaceOrientationLandscapeLeft UIInterfaceOrientationLandscapeRight";
				IPHONEOS_DEPLOYMENT_TARGET = 13.0;
				LD_RUNPATH_SEARCH_PATHS = (
					"$(inherited)",
					"@executable_path/Frameworks",
				);
				MARKETING_VERSION = 1.0;
				PRODUCT_BUNDLE_IDENTIFIER = ru.appcraft;
				PRODUCT_NAME = "$(TARGET_NAME)";
				SWIFT_ACTIVE_COMPILATION_CONDITIONS = STAGE_RELEASE;
				SWIFT_EMIT_LOC_STRINGS = YES;
				SWIFT_VERSION = 5.0;
				TARGETED_DEVICE_FAMILY = 1;
			};
			name = Stage_Release;
		};
		E282F7B228B3C2C600E39963 /* Store_Release */ = {
			isa = XCBuildConfiguration;
			buildSettings = {
				ALWAYS_SEARCH_USER_PATHS = NO;
				CLANG_ANALYZER_LOCALIZABILITY_NONLOCALIZED = YES;
				CLANG_ANALYZER_NONNULL = YES;
				CLANG_ANALYZER_NUMBER_OBJECT_CONVERSION = YES_AGGRESSIVE;
				CLANG_CXX_LANGUAGE_STANDARD = "gnu++17";
				CLANG_ENABLE_MODULES = YES;
				CLANG_ENABLE_OBJC_ARC = YES;
				CLANG_ENABLE_OBJC_WEAK = YES;
				CLANG_WARN_BLOCK_CAPTURE_AUTORELEASING = YES;
				CLANG_WARN_BOOL_CONVERSION = YES;
				CLANG_WARN_COMMA = YES;
				CLANG_WARN_CONSTANT_CONVERSION = YES;
				CLANG_WARN_DEPRECATED_OBJC_IMPLEMENTATIONS = YES;
				CLANG_WARN_DIRECT_OBJC_ISA_USAGE = YES_ERROR;
				CLANG_WARN_DOCUMENTATION_COMMENTS = YES;
				CLANG_WARN_EMPTY_BODY = YES;
				CLANG_WARN_ENUM_CONVERSION = YES;
				CLANG_WARN_INFINITE_RECURSION = YES;
				CLANG_WARN_INT_CONVERSION = YES;
				CLANG_WARN_NON_LITERAL_NULL_CONVERSION = YES;
				CLANG_WARN_OBJC_IMPLICIT_RETAIN_SELF = YES;
				CLANG_WARN_OBJC_LITERAL_CONVERSION = YES;
				CLANG_WARN_OBJC_ROOT_CLASS = YES_ERROR;
				CLANG_WARN_QUOTED_INCLUDE_IN_FRAMEWORK_HEADER = YES;
				CLANG_WARN_RANGE_LOOP_ANALYSIS = YES;
				CLANG_WARN_STRICT_PROTOTYPES = YES;
				CLANG_WARN_SUSPICIOUS_MOVE = YES;
				CLANG_WARN_UNGUARDED_AVAILABILITY = YES_AGGRESSIVE;
				CLANG_WARN_UNREACHABLE_CODE = YES;
				CLANG_WARN__DUPLICATE_METHOD_MATCH = YES;
				COPY_PHASE_STRIP = NO;
				DEBUG_INFORMATION_FORMAT = "dwarf-with-dsym";
				ENABLE_NS_ASSERTIONS = NO;
				ENABLE_STRICT_OBJC_MSGSEND = YES;
				GCC_C_LANGUAGE_STANDARD = gnu11;
				GCC_NO_COMMON_BLOCKS = YES;
				GCC_WARN_64_TO_32_BIT_CONVERSION = YES;
				GCC_WARN_ABOUT_RETURN_TYPE = YES_ERROR;
				GCC_WARN_UNDECLARED_SELECTOR = YES;
				GCC_WARN_UNINITIALIZED_AUTOS = YES_AGGRESSIVE;
				GCC_WARN_UNUSED_FUNCTION = YES;
				GCC_WARN_UNUSED_VARIABLE = YES;
				IPHONEOS_DEPLOYMENT_TARGET = 13.0;
				MTL_ENABLE_DEBUG_INFO = NO;
				MTL_FAST_MATH = YES;
				SDKROOT = iphoneos;
				SWIFT_COMPILATION_MODE = wholemodule;
				SWIFT_OPTIMIZATION_LEVEL = "-O";
				VALIDATE_PRODUCT = YES;
			};
			name = Store_Release;
		};
		E282F7B328B3C2C600E39963 /* Store_Release */ = {
			isa = XCBuildConfiguration;
			buildSettings = {
				ASSETCATALOG_COMPILER_APPICON_NAME = AppIcon;
				ASSETCATALOG_COMPILER_GLOBAL_ACCENT_COLOR_NAME = AccentColor;
				CODE_SIGN_STYLE = Automatic;
				CURRENT_PROJECT_VERSION = 1;
				GENERATE_INFOPLIST_FILE = NO;
				INFOPLIST_FILE = PROJECT_UIKIT_ios13/Info.plist;
				INFOPLIST_KEY_UIApplicationSupportsIndirectInputEvents = YES;
				INFOPLIST_KEY_UILaunchStoryboardName = LaunchScreen;
				INFOPLIST_KEY_UIMainStoryboardFile = Main;
				INFOPLIST_KEY_UISupportedInterfaceOrientations_iPad = "UIInterfaceOrientationPortrait UIInterfaceOrientationPortraitUpsideDown UIInterfaceOrientationLandscapeLeft UIInterfaceOrientationLandscapeRight";
				INFOPLIST_KEY_UISupportedInterfaceOrientations_iPhone = "UIInterfaceOrientationPortrait UIInterfaceOrientationLandscapeLeft UIInterfaceOrientationLandscapeRight";
				IPHONEOS_DEPLOYMENT_TARGET = 13.0;
				LD_RUNPATH_SEARCH_PATHS = (
					"$(inherited)",
					"@executable_path/Frameworks",
				);
				MARKETING_VERSION = 1.0;
				PRODUCT_BUNDLE_IDENTIFIER = ru.appcraft;
				PRODUCT_NAME = "$(TARGET_NAME)";
				SWIFT_ACTIVE_COMPILATION_CONDITIONS = STORE_RELEASE;
				SWIFT_EMIT_LOC_STRINGS = YES;
				SWIFT_VERSION = 5.0;
				TARGETED_DEVICE_FAMILY = 1;
			};
			name = Store_Release;
		};
/* End XCBuildConfiguration section */

/* Begin XCConfigurationList section */
		E282F75528B3A00B00E39963 /* Build configuration list for PBXProject "PROJECT_UIKIT_ios13" */ = {
			isa = XCConfigurationList;
			buildConfigurations = (
				E282F76C28B3A00C00E39963 /* Develop_Debug */,
				E282F7AC28B3C26300E39963 /* Stage_Debug */,
				E282F7AE28B3C28700E39963 /* Store_Debug */,
				E282F76D28B3A00C00E39963 /* Develop_Release */,
				E282F7B028B3C2BB00E39963 /* Stage_Release */,
				E282F7B228B3C2C600E39963 /* Store_Release */,
			);
			defaultConfigurationIsVisible = 0;
			defaultConfigurationName = Develop_Debug;
		};
		E282F76E28B3A00C00E39963 /* Build configuration list for PBXNativeTarget "PROJECT_UIKIT_ios13" */ = {
			isa = XCConfigurationList;
			buildConfigurations = (
				E282F76F28B3A00C00E39963 /* Develop_Debug */,
				E282F7AD28B3C26300E39963 /* Stage_Debug */,
				E282F7AF28B3C28700E39963 /* Store_Debug */,
				E282F77028B3A00C00E39963 /* Develop_Release */,
				E282F7B128B3C2BB00E39963 /* Stage_Release */,
				E282F7B328B3C2C600E39963 /* Store_Release */,
			);
			defaultConfigurationIsVisible = 0;
			defaultConfigurationName = Develop_Debug;
		};
/* End XCConfigurationList section */

/* Begin XCRemoteSwiftPackageReference section */
		E282F77C28B3A6C200E39963 /* XCRemoteSwiftPackageReference "DPUIKit" */ = {
			isa = XCRemoteSwiftPackageReference;
			repositoryURL = "https://github.com/DPLibs/DPUIKit.git";
			requirement = {
				kind = upToNextMajorVersion;
				minimumVersion = 3.0.0;
			};
		};
		E282F7A328B3AD8000E39963 /* XCRemoteSwiftPackageReference "appcraft-localized-ios" */ = {
			isa = XCRemoteSwiftPackageReference;
			repositoryURL = "https://github.com/AppCraftTeam/appcraft-localized-ios.git";
			requirement = {
				kind = upToNextMajorVersion;
				minimumVersion = 2.0.0;
			};
		};
/* End XCRemoteSwiftPackageReference section */

/* Begin XCSwiftPackageProductDependency section */
		E282F77D28B3A6C200E39963 /* DPUIKit */ = {
			isa = XCSwiftPackageProductDependency;
			package = E282F77C28B3A6C200E39963 /* XCRemoteSwiftPackageReference "DPUIKit" */;
			productName = DPUIKit;
		};
		E282F7A428B3AD8000E39963 /* ACLocalized */ = {
			isa = XCSwiftPackageProductDependency;
			package = E282F7A328B3AD8000E39963 /* XCRemoteSwiftPackageReference "appcraft-localized-ios" */;
			productName = ACLocalized;
		};
/* End XCSwiftPackageProductDependency section */
	};
	rootObject = E282F75228B3A00B00E39963 /* Project object */;
}
